// !$*UTF8*$!
{
	archiveVersion = 1;
	classes = {
	};
	objectVersion = 46;
	objects = {

/* Begin PBXBuildFile section */
		E050A5201D7E6A7F0064C565 /* AppDelegate.swift in Sources */ = {isa = PBXBuildFile; fileRef = E050A51F1D7E6A7F0064C565 /* AppDelegate.swift */; };
		E050A5221D7E6A7F0064C565 /* ViewController.swift in Sources */ = {isa = PBXBuildFile; fileRef = E050A5211D7E6A7F0064C565 /* ViewController.swift */; };
		E050A5251D7E6A7F0064C565 /* Main.storyboard in Resources */ = {isa = PBXBuildFile; fileRef = E050A5231D7E6A7F0064C565 /* Main.storyboard */; };
		E050A5271D7E6A7F0064C565 /* Assets.xcassets in Resources */ = {isa = PBXBuildFile; fileRef = E050A5261D7E6A7F0064C565 /* Assets.xcassets */; };
		E050A52A1D7E6A7F0064C565 /* LaunchScreen.storyboard in Resources */ = {isa = PBXBuildFile; fileRef = E050A5281D7E6A7F0064C565 /* LaunchScreen.storyboard */; };
		E050A5351D7E6A7F0064C565 /* RNScrollViewXIBDemoTests.swift in Sources */ = {isa = PBXBuildFile; fileRef = E050A5341D7E6A7F0064C565 /* RNScrollViewXIBDemoTests.swift */; };
		E050A5401D7E6A7F0064C565 /* RNScrollViewXIBDemoUITests.swift in Sources */ = {isa = PBXBuildFile; fileRef = E050A53F1D7E6A7F0064C565 /* RNScrollViewXIBDemoUITests.swift */; };
/* End PBXBuildFile section */

/* Begin PBXContainerItemProxy section */
		E050A5311D7E6A7F0064C565 /* PBXContainerItemProxy */ = {
			isa = PBXContainerItemProxy;
			containerPortal = E050A5141D7E6A7F0064C565 /* Project object */;
			proxyType = 1;
			remoteGlobalIDString = E050A51B1D7E6A7F0064C565;
			remoteInfo = RNScrollViewXIBDemo;
		};
		E050A53C1D7E6A7F0064C565 /* PBXContainerItemProxy */ = {
			isa = PBXContainerItemProxy;
			containerPortal = E050A5141D7E6A7F0064C565 /* Project object */;
			proxyType = 1;
			remoteGlobalIDString = E050A51B1D7E6A7F0064C565;
			remoteInfo = RNScrollViewXIBDemo;
		};
/* End PBXContainerItemProxy section */

/* Begin PBXFileReference section */
		E050A51C1D7E6A7F0064C565 /* RNScrollViewXIBDemo.app */ = {isa = PBXFileReference; explicitFileType = wrapper.application; includeInIndex = 0; path = RNScrollViewXIBDemo.app; sourceTree = BUILT_PRODUCTS_DIR; };
		E050A51F1D7E6A7F0064C565 /* AppDelegate.swift */ = {isa = PBXFileReference; lastKnownFileType = sourcecode.swift; path = AppDelegate.swift; sourceTree = "<group>"; };
		E050A5211D7E6A7F0064C565 /* ViewController.swift */ = {isa = PBXFileReference; lastKnownFileType = sourcecode.swift; path = ViewController.swift; sourceTree = "<group>"; };
		E050A5241D7E6A7F0064C565 /* Base */ = {isa = PBXFileReference; lastKnownFileType = file.storyboard; name = Base; path = Base.lproj/Main.storyboard; sourceTree = "<group>"; };
		E050A5261D7E6A7F0064C565 /* Assets.xcassets */ = {isa = PBXFileReference; lastKnownFileType = folder.assetcatalog; path = Assets.xcassets; sourceTree = "<group>"; };
		E050A5291D7E6A7F0064C565 /* Base */ = {isa = PBXFileReference; lastKnownFileType = file.storyboard; name = Base; path = Base.lproj/LaunchScreen.storyboard; sourceTree = "<group>"; };
		E050A52B1D7E6A7F0064C565 /* Info.plist */ = {isa = PBXFileReference; lastKnownFileType = text.plist.xml; path = Info.plist; sourceTree = "<group>"; };
		E050A5301D7E6A7F0064C565 /* RNScrollViewXIBDemoTests.xctest */ = {isa = PBXFileReference; explicitFileType = wrapper.cfbundle; includeInIndex = 0; path = RNScrollViewXIBDemoTests.xctest; sourceTree = BUILT_PRODUCTS_DIR; };
		E050A5341D7E6A7F0064C565 /* RNScrollViewXIBDemoTests.swift */ = {isa = PBXFileReference; lastKnownFileType = sourcecode.swift; path = RNScrollViewXIBDemoTests.swift; sourceTree = "<group>"; };
		E050A5361D7E6A7F0064C565 /* Info.plist */ = {isa = PBXFileReference; lastKnownFileType = text.plist.xml; path = Info.plist; sourceTree = "<group>"; };
		E050A53B1D7E6A7F0064C565 /* RNScrollViewXIBDemoUITests.xctest */ = {isa = PBXFileReference; explicitFileType = wrapper.cfbundle; includeInIndex = 0; path = RNScrollViewXIBDemoUITests.xctest; sourceTree = BUILT_PRODUCTS_DIR; };
		E050A53F1D7E6A7F0064C565 /* RNScrollViewXIBDemoUITests.swift */ = {isa = PBXFileReference; lastKnownFileType = sourcecode.swift; path = RNScrollViewXIBDemoUITests.swift; sourceTree = "<group>"; };
		E050A5411D7E6A7F0064C565 /* Info.plist */ = {isa = PBXFileReference; lastKnownFileType = text.plist.xml; path = Info.plist; sourceTree = "<group>"; };
/* End PBXFileReference section */

/* Begin PBXFrameworksBuildPhase section */
		E050A5191D7E6A7F0064C565 /* Frameworks */ = {
			isa = PBXFrameworksBuildPhase;
			buildActionMask = 2147483647;
			files = (
			);
			runOnlyForDeploymentPostprocessing = 0;
		};
		E050A52D1D7E6A7F0064C565 /* Frameworks */ = {
			isa = PBXFrameworksBuildPhase;
			buildActionMask = 2147483647;
			files = (
			);
			runOnlyForDeploymentPostprocessing = 0;
		};
		E050A5381D7E6A7F0064C565 /* Frameworks */ = {
			isa = PBXFrameworksBuildPhase;
			buildActionMask = 2147483647;
			files = (
			);
			runOnlyForDeploymentPostprocessing = 0;
		};
/* End PBXFrameworksBuildPhase section */

/* Begin PBXGroup section */
		E050A5131D7E6A7F0064C565 = {
			isa = PBXGroup;
			children = (
				E050A51E1D7E6A7F0064C565 /* RNScrollViewXIBDemo */,
				E050A5331D7E6A7F0064C565 /* RNScrollViewXIBDemoTests */,
				E050A53E1D7E6A7F0064C565 /* RNScrollViewXIBDemoUITests */,
				E050A51D1D7E6A7F0064C565 /* Products */,
			);
			sourceTree = "<group>";
		};
		E050A51D1D7E6A7F0064C565 /* Products */ = {
			isa = PBXGroup;
			children = (
				E050A51C1D7E6A7F0064C565 /* RNScrollViewXIBDemo.app */,
				E050A5301D7E6A7F0064C565 /* RNScrollViewXIBDemoTests.xctest */,
				E050A53B1D7E6A7F0064C565 /* RNScrollViewXIBDemoUITests.xctest */,
			);
			name = Products;
			sourceTree = "<group>";
		};
		E050A51E1D7E6A7F0064C565 /* RNScrollViewXIBDemo */ = {
			isa = PBXGroup;
			children = (
				E050A51F1D7E6A7F0064C565 /* AppDelegate.swift */,
				E050A5211D7E6A7F0064C565 /* ViewController.swift */,
				E050A5231D7E6A7F0064C565 /* Main.storyboard */,
				E050A5261D7E6A7F0064C565 /* Assets.xcassets */,
				E050A5281D7E6A7F0064C565 /* LaunchScreen.storyboard */,
				E050A52B1D7E6A7F0064C565 /* Info.plist */,
			);
			path = RNScrollViewXIBDemo;
			sourceTree = "<group>";
		};
		E050A5331D7E6A7F0064C565 /* RNScrollViewXIBDemoTests */ = {
			isa = PBXGroup;
			children = (
				E050A5341D7E6A7F0064C565 /* RNScrollViewXIBDemoTests.swift */,
				E050A5361D7E6A7F0064C565 /* Info.plist */,
			);
			path = RNScrollViewXIBDemoTests;
			sourceTree = "<group>";
		};
		E050A53E1D7E6A7F0064C565 /* RNScrollViewXIBDemoUITests */ = {
			isa = PBXGroup;
			children = (
				E050A53F1D7E6A7F0064C565 /* RNScrollViewXIBDemoUITests.swift */,
				E050A5411D7E6A7F0064C565 /* Info.plist */,
			);
			path = RNScrollViewXIBDemoUITests;
			sourceTree = "<group>";
		};
/* End PBXGroup section */

/* Begin PBXNativeTarget section */
		E050A51B1D7E6A7F0064C565 /* RNScrollViewXIBDemo */ = {
			isa = PBXNativeTarget;
			buildConfigurationList = E050A5441D7E6A7F0064C565 /* Build configuration list for PBXNativeTarget "RNScrollViewXIBDemo" */;
			buildPhases = (
				E050A5181D7E6A7F0064C565 /* Sources */,
				E050A5191D7E6A7F0064C565 /* Frameworks */,
				E050A51A1D7E6A7F0064C565 /* Resources */,
			);
			buildRules = (
			);
			dependencies = (
			);
			name = RNScrollViewXIBDemo;
			productName = RNScrollViewXIBDemo;
			productReference = E050A51C1D7E6A7F0064C565 /* RNScrollViewXIBDemo.app */;
			productType = "com.apple.product-type.application";
		};
		E050A52F1D7E6A7F0064C565 /* RNScrollViewXIBDemoTests */ = {
			isa = PBXNativeTarget;
			buildConfigurationList = E050A5471D7E6A7F0064C565 /* Build configuration list for PBXNativeTarget "RNScrollViewXIBDemoTests" */;
			buildPhases = (
				E050A52C1D7E6A7F0064C565 /* Sources */,
				E050A52D1D7E6A7F0064C565 /* Frameworks */,
				E050A52E1D7E6A7F0064C565 /* Resources */,
			);
			buildRules = (
			);
			dependencies = (
				E050A5321D7E6A7F0064C565 /* PBXTargetDependency */,
			);
			name = RNScrollViewXIBDemoTests;
			productName = RNScrollViewXIBDemoTests;
			productReference = E050A5301D7E6A7F0064C565 /* RNScrollViewXIBDemoTests.xctest */;
			productType = "com.apple.product-type.bundle.unit-test";
		};
		E050A53A1D7E6A7F0064C565 /* RNScrollViewXIBDemoUITests */ = {
			isa = PBXNativeTarget;
			buildConfigurationList = E050A54A1D7E6A7F0064C565 /* Build configuration list for PBXNativeTarget "RNScrollViewXIBDemoUITests" */;
			buildPhases = (
				E050A5371D7E6A7F0064C565 /* Sources */,
				E050A5381D7E6A7F0064C565 /* Frameworks */,
				E050A5391D7E6A7F0064C565 /* Resources */,
			);
			buildRules = (
			);
			dependencies = (
				E050A53D1D7E6A7F0064C565 /* PBXTargetDependency */,
			);
			name = RNScrollViewXIBDemoUITests;
			productName = RNScrollViewXIBDemoUITests;
			productReference = E050A53B1D7E6A7F0064C565 /* RNScrollViewXIBDemoUITests.xctest */;
			productType = "com.apple.product-type.bundle.ui-testing";
		};
/* End PBXNativeTarget section */

/* Begin PBXProject section */
		E050A5141D7E6A7F0064C565 /* Project object */ = {
			isa = PBXProject;
			attributes = {
				LastSwiftUpdateCheck = 0730;
				LastUpgradeCheck = 0730;
				ORGANIZATIONNAME = "婉卿容若";
				TargetAttributes = {
					E050A51B1D7E6A7F0064C565 = {
						CreatedOnToolsVersion = 7.3.1;
					};
					E050A52F1D7E6A7F0064C565 = {
						CreatedOnToolsVersion = 7.3.1;
						TestTargetID = E050A51B1D7E6A7F0064C565;
					};
					E050A53A1D7E6A7F0064C565 = {
						CreatedOnToolsVersion = 7.3.1;
						TestTargetID = E050A51B1D7E6A7F0064C565;
					};
				};
			};
			buildConfigurationList = E050A5171D7E6A7F0064C565 /* Build configuration list for PBXProject "RNScrollViewXIBDemo" */;
			compatibilityVersion = "Xcode 3.2";
			developmentRegion = English;
			hasScannedForEncodings = 0;
			knownRegions = (
				en,
				Base,
			);
			mainGroup = E050A5131D7E6A7F0064C565;
			productRefGroup = E050A51D1D7E6A7F0064C565 /* Products */;
			projectDirPath = "";
			projectRoot = "";
			targets = (
				E050A51B1D7E6A7F0064C565 /* RNScrollViewXIBDemo */,
				E050A52F1D7E6A7F0064C565 /* RNScrollViewXIBDemoTests */,
				E050A53A1D7E6A7F0064C565 /* RNScrollViewXIBDemoUITests */,
			);
		};
/* End PBXProject section */

/* Begin PBXResourcesBuildPhase section */
		E050A51A1D7E6A7F0064C565 /* Resources */ = {
			isa = PBXResourcesBuildPhase;
			buildActionMask = 2147483647;
			files = (
				E050A52A1D7E6A7F0064C565 /* LaunchScreen.storyboard in Resources */,
				E050A5271D7E6A7F0064C565 /* Assets.xcassets in Resources */,
				E050A5251D7E6A7F0064C565 /* Main.storyboard in Resources */,
			);
			runOnlyForDeploymentPostprocessing = 0;
		};
		E050A52E1D7E6A7F0064C565 /* Resources */ = {
			isa = PBXResourcesBuildPhase;
			buildActionMask = 2147483647;
			files = (
			);
			runOnlyForDeploymentPostprocessing = 0;
		};
		E050A5391D7E6A7F0064C565 /* Resources */ = {
			isa = PBXResourcesBuildPhase;
			buildActionMask = 2147483647;
			files = (
			);
			runOnlyForDeploymentPostprocessing = 0;
		};
/* End PBXResourcesBuildPhase section */

/* Begin PBXSourcesBuildPhase section */
		E050A5181D7E6A7F0064C565 /* Sources */ = {
			isa = PBXSourcesBuildPhase;
			buildActionMask = 2147483647;
			files = (
				E050A5221D7E6A7F0064C565 /* ViewController.swift in Sources */,
				E050A5201D7E6A7F0064C565 /* AppDelegate.swift in Sources */,
			);
			runOnlyForDeploymentPostprocessing = 0;
		};
		E050A52C1D7E6A7F0064C565 /* Sources */ = {
			isa = PBXSourcesBuildPhase;
			buildActionMask = 2147483647;
			files = (
				E050A5351D7E6A7F0064C565 /* RNScrollViewXIBDemoTests.swift in Sources */,
			);
			runOnlyForDeploymentPostprocessing = 0;
		};
		E050A5371D7E6A7F0064C565 /* Sources */ = {
			isa = PBXSourcesBuildPhase;
			buildActionMask = 2147483647;
			files = (
				E050A5401D7E6A7F0064C565 /* RNScrollViewXIBDemoUITests.swift in Sources */,
			);
			runOnlyForDeploymentPostprocessing = 0;
		};
/* End PBXSourcesBuildPhase section */

/* Begin PBXTargetDependency section */
		E050A5321D7E6A7F0064C565 /* PBXTargetDependency */ = {
			isa = PBXTargetDependency;
			target = E050A51B1D7E6A7F0064C565 /* RNScrollViewXIBDemo */;
			targetProxy = E050A5311D7E6A7F0064C565 /* PBXContainerItemProxy */;
		};
		E050A53D1D7E6A7F0064C565 /* PBXTargetDependency */ = {
			isa = PBXTargetDependency;
			target = E050A51B1D7E6A7F0064C565 /* RNScrollViewXIBDemo */;
			targetProxy = E050A53C1D7E6A7F0064C565 /* PBXContainerItemProxy */;
		};
/* End PBXTargetDependency section */

/* Begin PBXVariantGroup section */
		E050A5231D7E6A7F0064C565 /* Main.storyboard */ = {
			isa = PBXVariantGroup;
			children = (
				E050A5241D7E6A7F0064C565 /* Base */,
			);
			name = Main.storyboard;
			sourceTree = "<group>";
		};
		E050A5281D7E6A7F0064C565 /* LaunchScreen.storyboard */ = {
			isa = PBXVariantGroup;
			children = (
				E050A5291D7E6A7F0064C565 /* Base */,
			);
			name = LaunchScreen.storyboard;
			sourceTree = "<group>";
		};
/* End PBXVariantGroup section */

/* Begin XCBuildConfiguration section */
		E050A5421D7E6A7F0064C565 /* Debug */ = {
			isa = XCBuildConfiguration;
			buildSettings = {
				ALWAYS_SEARCH_USER_PATHS = NO;
				CLANG_ANALYZER_NONNULL = YES;
				CLANG_CXX_LANGUAGE_STANDARD = "gnu++0x";
				CLANG_CXX_LIBRARY = "libc++";
				CLANG_ENABLE_MODULES = YES;
				CLANG_ENABLE_OBJC_ARC = YES;
				CLANG_WARN_BOOL_CONVERSION = YES;
				CLANG_WARN_CONSTANT_CONVERSION = YES;
				CLANG_WARN_DIRECT_OBJC_ISA_USAGE = YES_ERROR;
				CLANG_WARN_EMPTY_BODY = YES;
				CLANG_WARN_ENUM_CONVERSION = YES;
				CLANG_WARN_INT_CONVERSION = YES;
				CLANG_WARN_OBJC_ROOT_CLASS = YES_ERROR;
				CLANG_WARN_UNREACHABLE_CODE = YES;
				CLANG_WARN__DUPLICATE_METHOD_MATCH = YES;
				"CODE_SIGN_IDENTITY[sdk=iphoneos*]" = "iPhone Developer";
				COPY_PHASE_STRIP = NO;
				DEBUG_INFORMATION_FORMAT = dwarf;
				ENABLE_STRICT_OBJC_MSGSEND = YES;
				ENABLE_TESTABILITY = YES;
				GCC_C_LANGUAGE_STANDARD = gnu99;
				GCC_DYNAMIC_NO_PIC = NO;
				GCC_NO_COMMON_BLOCKS = YES;
				GCC_OPTIMIZATION_LEVEL = 0;
				GCC_PREPROCESSOR_DEFINITIONS = (
					"DEBUG=1",
					"$(inherited)",
				);
				GCC_WARN_64_TO_32_BIT_CONVERSION = YES;
				GCC_WARN_ABOUT_RETURN_TYPE = YES_ERROR;
				GCC_WARN_UNDECLARED_SELECTOR = YES;
				GCC_WARN_UNINITIALIZED_AUTOS = YES_AGGRESSIVE;
				GCC_WARN_UNUSED_FUNCTION = YES;
				GCC_WARN_UNUSED_VARIABLE = YES;
				IPHONEOS_DEPLOYMENT_TARGET = 9.3;
				MTL_ENABLE_DEBUG_INFO = YES;
				ONLY_ACTIVE_ARCH = YES;
				SDKROOT = iphoneos;
				SWIFT_OPTIMIZATION_LEVEL = "-Onone";
				TARGETED_DEVICE_FAMILY = "1,2";
			};
			name = Debug;
		};
		E050A5431D7E6A7F0064C565 /* Release */ = {
			isa = XCBuildConfiguration;
			buildSettings = {
				ALWAYS_SEARCH_USER_PATHS = NO;
				CLANG_ANALYZER_NONNULL = YES;
				CLANG_CXX_LANGUAGE_STANDARD = "gnu++0x";
				CLANG_CXX_LIBRARY = "libc++";
				CLANG_ENABLE_MODULES = YES;
				CLANG_ENABLE_OBJC_ARC = YES;
				CLANG_WARN_BOOL_CONVERSION = YES;
				CLANG_WARN_CONSTANT_CONVERSION = YES;
				CLANG_WARN_DIRECT_OBJC_ISA_USAGE = YES_ERROR;
				CLANG_WARN_EMPTY_BODY = YES;
				CLANG_WARN_ENUM_CONVERSION = YES;
				CLANG_WARN_INT_CONVERSION = YES;
				CLANG_WARN_OBJC_ROOT_CLASS = YES_ERROR;
				CLANG_WARN_UNREACHABLE_CODE = YES;
				CLANG_WARN__DUPLICATE_METHOD_MATCH = YES;
				"CODE_SIGN_IDENTITY[sdk=iphoneos*]" = "iPhone Developer";
				COPY_PHASE_STRIP = NO;
				DEBUG_INFORMATION_FORMAT = "dwarf-with-dsym";
				ENABLE_NS_ASSERTIONS = NO;
				ENABLE_STRICT_OBJC_MSGSEND = YES;
				GCC_C_LANGUAGE_STANDARD = gnu99;
				GCC_NO_COMMON_BLOCKS = YES;
				GCC_WARN_64_TO_32_BIT_CONVERSION = YES;
				GCC_WARN_ABOUT_RETURN_TYPE = YES_ERROR;
				GCC_WARN_UNDECLARED_SELECTOR = YES;
				GCC_WARN_UNINITIALIZED_AUTOS = YES_AGGRESSIVE;
				GCC_WARN_UNUSED_FUNCTION = YES;
				GCC_WARN_UNUSED_VARIABLE = YES;
				IPHONEOS_DEPLOYMENT_TARGET = 9.3;
				MTL_ENABLE_DEBUG_INFO = NO;
				SDKROOT = iphoneos;
				TARGETED_DEVICE_FAMILY = "1,2";
				VALIDATE_PRODUCT = YES;
			};
			name = Release;
		};
		E050A5451D7E6A7F0064C565 /* Debug */ = {
			isa = XCBuildConfiguration;
			buildSettings = {
				ASSETCATALOG_COMPILER_APPICON_NAME = AppIcon;
				INFOPLIST_FILE = RNScrollViewXIBDemo/Info.plist;
				LD_RUNPATH_SEARCH_PATHS = "$(inherited) @executable_path/Frameworks";
				PRODUCT_BUNDLE_IDENTIFIER = com.zhengwenxiang.RNScrollViewXIBDemo;
				PRODUCT_NAME = "$(TARGET_NAME)";
			};
			name = Debug;
		};
		E050A5461D7E6A7F0064C565 /* Release */ = {
			isa = XCBuildConfiguration;
			buildSettings = {
				ASSETCATALOG_COMPILER_APPICON_NAME = AppIcon;
				INFOPLIST_FILE = RNScrollViewXIBDemo/Info.plist;
				LD_RUNPATH_SEARCH_PATHS = "$(inherited) @executable_path/Frameworks";
				PRODUCT_BUNDLE_IDENTIFIER = com.zhengwenxiang.RNScrollViewXIBDemo;
				PRODUCT_NAME = "$(TARGET_NAME)";
			};
			name = Release;
		};
		E050A5481D7E6A7F0064C565 /* Debug */ = {
			isa = XCBuildConfiguration;
			buildSettings = {
				BUNDLE_LOADER = "$(TEST_HOST)";
				INFOPLIST_FILE = RNScrollViewXIBDemoTests/Info.plist;
				LD_RUNPATH_SEARCH_PATHS = "$(inherited) @executable_path/Frameworks @loader_path/Frameworks";
				PRODUCT_BUNDLE_IDENTIFIER = com.zhengwenxiang.RNScrollViewXIBDemoTests;
				PRODUCT_NAME = "$(TARGET_NAME)";
				TEST_HOST = "$(BUILT_PRODUCTS_DIR)/RNScrollViewXIBDemo.app/RNScrollViewXIBDemo";
			};
			name = Debug;
		};
		E050A5491D7E6A7F0064C565 /* Release */ = {
			isa = XCBuildConfiguration;
			buildSettings = {
				BUNDLE_LOADER = "$(TEST_HOST)";
				INFOPLIST_FILE = RNScrollViewXIBDemoTests/Info.plist;
				LD_RUNPATH_SEARCH_PATHS = "$(inherited) @executable_path/Frameworks @loader_path/Frameworks";
				PRODUCT_BUNDLE_IDENTIFIER = com.zhengwenxiang.RNScrollViewXIBDemoTests;
				PRODUCT_NAME = "$(TARGET_NAME)";
				TEST_HOST = "$(BUILT_PRODUCTS_DIR)/RNScrollViewXIBDemo.app/RNScrollViewXIBDemo";
			};
			name = Release;
		};
		E050A54B1D7E6A7F0064C565 /* Debug */ = {
			isa = XCBuildConfiguration;
			buildSettings = {
				INFOPLIST_FILE = RNScrollViewXIBDemoUITests/Info.plist;
				LD_RUNPATH_SEARCH_PATHS = "$(inherited) @executable_path/Frameworks @loader_path/Frameworks";
				PRODUCT_BUNDLE_IDENTIFIER = com.zhengwenxiang.RNScrollViewXIBDemoUITests;
				PRODUCT_NAME = "$(TARGET_NAME)";
				TEST_TARGET_NAME = RNScrollViewXIBDemo;
			};
			name = Debug;
		};
		E050A54C1D7E6A7F0064C565 /* Release */ = {
			isa = XCBuildConfiguration;
			buildSettings = {
				INFOPLIST_FILE = RNScrollViewXIBDemoUITests/Info.plist;
				LD_RUNPATH_SEARCH_PATHS = "$(inherited) @executable_path/Frameworks @loader_path/Frameworks";
				PRODUCT_BUNDLE_IDENTIFIER = com.zhengwenxiang.RNScrollViewXIBDemoUITests;
				PRODUCT_NAME = "$(TARGET_NAME)";
				TEST_TARGET_NAME = RNScrollViewXIBDemo;
			};
			name = Release;
		};
/* End XCBuildConfiguration section */

/* Begin XCConfigurationList section */
		E050A5171D7E6A7F0064C565 /* Build configuration list for PBXProject "RNScrollViewXIBDemo" */ = {
			isa = XCConfigurationList;
			buildConfigurations = (
				E050A5421D7E6A7F0064C565 /* Debug */,
				E050A5431D7E6A7F0064C565 /* Release */,
			);
			defaultConfigurationIsVisible = 0;
			defaultConfigurationName = Release;
		};
		E050A5441D7E6A7F0064C565 /* Build configuration list for PBXNativeTarget "RNScrollViewXIBDemo" */ = {
			isa = XCConfigurationList;
			buildConfigurations = (
				E050A5451D7E6A7F0064C565 /* Debug */,
				E050A5461D7E6A7F0064C565 /* Release */,
			);
			defaultConfigurationIsVisible = 0;
		};
		E050A5471D7E6A7F0064C565 /* Build configuration list for PBXNativeTarget "RNScrollViewXIBDemoTests" */ = {
			isa = XCConfigurationList;
			buildConfigurations = (
				E050A5481D7E6A7F0064C565 /* Debug */,
				E050A5491D7E6A7F0064C565 /* Release */,
			);
			defaultConfigurationIsVisible = 0;
		};
		E050A54A1D7E6A7F0064C565 /* Build configuration list for PBXNativeTarget "RNScrollViewXIBDemoUITests" */ = {
			isa = XCConfigurationList;
			buildConfigurations = (
				E050A54B1D7E6A7F0064C565 /* Debug */,
				E050A54C1D7E6A7F0064C565 /* Release */,
			);
			defaultConfigurationIsVisible = 0;
		};
/* End XCConfigurationList section */
	};
	rootObject = E050A5141D7E6A7F0064C565 /* Project object */;
}
